
Microsoft Visual Studio Solution File, Format Version 12.00
# Visual Studio 15
VisualStudioVersion = 15.0.26730.12
MinimumVisualStudioVersion = 10.0.40219.1
Project("{FAE04EC0-301F-11D3-BF4B-00C04F79EFBC}") = "Lodky", "Lodky\Lodky.csproj", "{5B990D6B-E7ED-4859-96B8-46430534AD91}"
EndProject
Global
	GlobalSection(SolutionConfigurationPlatforms) = preSolution
		Debug|Any CPU = Debug|Any CPU
		Release|Any CPU = Release|Any CPU
	EndGlobalSection
	GlobalSection(ProjectConfigurationPlatforms) = postSolution
		{5B990D6B-E7ED-4859-96B8-46430534AD91}.Debug|Any CPU.ActiveCfg = Debug|Any CPU
		{5B990D6B-E7ED-4859-96B8-46430534AD91}.Debug|Any CPU.Build.0 = Debug|Any CPU
		{5B990D6B-E7ED-4859-96B8-46430534AD91}.Release|Any CPU.ActiveCfg = Release|Any CPU
		{5B990D6B-E7ED-4859-96B8-46430534AD91}.Release|Any CPU.Build.0 = Release|Any CPU
	EndGlobalSection
	GlobalSection(SolutionProperties) = preSolution
		HideSolutionNode = FALSE
	EndGlobalSection
	GlobalSection(ExtensibilityGlobals) = postSolution
		SolutionGuid = {EDA954DC-6C1B-464D-B666-537944A9C349}
	EndGlobalSection
EndGlobal
